// !$*UTF8*$!
{
	archiveVersion = 1;
	classes = {
	};
	objectVersion = 55;
	objects = {

/* Begin PBXBuildFile section */
		705071B60612C17162BA3D1E /* Pods_Reciplease.framework in Frameworks */ = {isa = PBXBuildFile; fileRef = 0546932AAD6C003647C7DF02 /* Pods_Reciplease.framework */; };
		8B2AC2122B84FBD800F7C3D8 /* AppDelegate.swift in Sources */ = {isa = PBXBuildFile; fileRef = 8B2AC2112B84FBD800F7C3D8 /* AppDelegate.swift */; };
		8B2AC2142B84FBD800F7C3D8 /* SceneDelegate.swift in Sources */ = {isa = PBXBuildFile; fileRef = 8B2AC2132B84FBD800F7C3D8 /* SceneDelegate.swift */; };
		8B2AC2192B84FBD800F7C3D8 /* Main.storyboard in Resources */ = {isa = PBXBuildFile; fileRef = 8B2AC2172B84FBD800F7C3D8 /* Main.storyboard */; };
		8B2AC21E2B84FBD900F7C3D8 /* Assets.xcassets in Resources */ = {isa = PBXBuildFile; fileRef = 8B2AC21D2B84FBD900F7C3D8 /* Assets.xcassets */; };
		8B2AC2212B84FBD900F7C3D8 /* LaunchScreen.storyboard in Resources */ = {isa = PBXBuildFile; fileRef = 8B2AC21F2B84FBD900F7C3D8 /* LaunchScreen.storyboard */; };
		8B2AC22C2B84FBD900F7C3D8 /* RecipleaseTests.swift in Sources */ = {isa = PBXBuildFile; fileRef = 8B2AC22B2B84FBD900F7C3D8 /* RecipleaseTests.swift */; };
		8B2AC24A2B84FFBA00F7C3D8 /* RecipeSearchViewController.swift in Sources */ = {isa = PBXBuildFile; fileRef = 8B2AC2492B84FFBA00F7C3D8 /* RecipeSearchViewController.swift */; };
		8B2AC24C2B84FFEF00F7C3D8 /* FavoriteViewController.swift in Sources */ = {isa = PBXBuildFile; fileRef = 8B2AC24B2B84FFEF00F7C3D8 /* FavoriteViewController.swift */; };
		8B2AC24E2B85119600F7C3D8 /* RecipeListViewController.swift in Sources */ = {isa = PBXBuildFile; fileRef = 8B2AC24D2B85119600F7C3D8 /* RecipeListViewController.swift */; };
		8B2AC2502B8511F200F7C3D8 /* RecipeDetailViewController.swift in Sources */ = {isa = PBXBuildFile; fileRef = 8B2AC24F2B8511F200F7C3D8 /* RecipeDetailViewController.swift */; };
		8B2AC2522B861F9A00F7C3D8 /* FavoriteListViewController.swift in Sources */ = {isa = PBXBuildFile; fileRef = 8B2AC2512B861F9A00F7C3D8 /* FavoriteListViewController.swift */; };
		8B2AC2562B86304700F7C3D8 /* RecipeLoader.swift in Sources */ = {isa = PBXBuildFile; fileRef = 8B2AC2552B86304700F7C3D8 /* RecipeLoader.swift */; };
		8B2AC2582B8630A100F7C3D8 /* CoreDataStack.swift in Sources */ = {isa = PBXBuildFile; fileRef = 8B2AC2572B8630A100F7C3D8 /* CoreDataStack.swift */; };
		8B2AC25F2B87933F00F7C3D8 /* Reciplease.xcdatamodeld in Sources */ = {isa = PBXBuildFile; fileRef = 8B2AC25D2B87933F00F7C3D8 /* Reciplease.xcdatamodeld */; };
		8B2AC2612B89066800F7C3D8 /* RecipeResult.swift in Sources */ = {isa = PBXBuildFile; fileRef = 8B2AC2602B89066800F7C3D8 /* RecipeResult.swift */; };
		8BAA05762B8E3C28000C6E0D /* RecipesTableViewCell.swift in Sources */ = {isa = PBXBuildFile; fileRef = 8BAA05752B8E3C28000C6E0D /* RecipesTableViewCell.swift */; };
		8BAA05782B8E40E8000C6E0D /* RecipeSession.swift in Sources */ = {isa = PBXBuildFile; fileRef = 8BAA05772B8E40E8000C6E0D /* RecipeSession.swift */; };
		8BAA057A2B8E4112000C6E0D /* RecipeProtocol.swift in Sources */ = {isa = PBXBuildFile; fileRef = 8BAA05792B8E4112000C6E0D /* RecipeProtocol.swift */; };
		8BAA05812B8F3843000C6E0D /* UIViewController.swift in Sources */ = {isa = PBXBuildFile; fileRef = 8BAA05802B8F3843000C6E0D /* UIViewController.swift */; };
		8BAA05892B91DAB1000C6E0D /* UITableViewCell.swift in Sources */ = {isa = PBXBuildFile; fileRef = 8BAA05882B91DAB1000C6E0D /* UITableViewCell.swift */; };
		8BAA058B2B91DD96000C6E0D /* UIImageView.swift in Sources */ = {isa = PBXBuildFile; fileRef = 8BAA058A2B91DD96000C6E0D /* UIImageView.swift */; };
		DF89B5AAA79696C2260CA074 /* Pods_Reciplease_RecipleaseUITests.framework in Frameworks */ = {isa = PBXBuildFile; fileRef = 5DD8E34006A6BC7F19D68026 /* Pods_Reciplease_RecipleaseUITests.framework */; };
		E0C9360CD4DA1F344D7F4093 /* Pods_RecipleaseTests.framework in Frameworks */ = {isa = PBXBuildFile; fileRef = 9486D2524E3F62CE5B09F84B /* Pods_RecipleaseTests.framework */; };
/* End PBXBuildFile section */

/* Begin PBXContainerItemProxy section */
		8B2AC2282B84FBD900F7C3D8 /* PBXContainerItemProxy */ = {
			isa = PBXContainerItemProxy;
			containerPortal = 8B2AC2062B84FBD800F7C3D8 /* Project object */;
			proxyType = 1;
			remoteGlobalIDString = 8B2AC20D2B84FBD800F7C3D8;
			remoteInfo = Reciplease;
		};
		8B2AC2322B84FBD900F7C3D8 /* PBXContainerItemProxy */ = {
			isa = PBXContainerItemProxy;
			containerPortal = 8B2AC2062B84FBD800F7C3D8 /* Project object */;
			proxyType = 1;
			remoteGlobalIDString = 8B2AC20D2B84FBD800F7C3D8;
			remoteInfo = Reciplease;
		};
/* End PBXContainerItemProxy section */

/* Begin PBXFileReference section */
		0546932AAD6C003647C7DF02 /* Pods_Reciplease.framework */ = {isa = PBXFileReference; explicitFileType = wrapper.framework; includeInIndex = 0; path = Pods_Reciplease.framework; sourceTree = BUILT_PRODUCTS_DIR; };
		2B84BFFC71232BA4A3228960 /* Pods-Reciplease.release.xcconfig */ = {isa = PBXFileReference; includeInIndex = 1; lastKnownFileType = text.xcconfig; name = "Pods-Reciplease.release.xcconfig"; path = "Target Support Files/Pods-Reciplease/Pods-Reciplease.release.xcconfig"; sourceTree = "<group>"; };
		5DD8E34006A6BC7F19D68026 /* Pods_Reciplease_RecipleaseUITests.framework */ = {isa = PBXFileReference; explicitFileType = wrapper.framework; includeInIndex = 0; path = Pods_Reciplease_RecipleaseUITests.framework; sourceTree = BUILT_PRODUCTS_DIR; };
		8B2AC20E2B84FBD800F7C3D8 /* Reciplease.app */ = {isa = PBXFileReference; explicitFileType = wrapper.application; includeInIndex = 0; path = Reciplease.app; sourceTree = BUILT_PRODUCTS_DIR; };
		8B2AC2112B84FBD800F7C3D8 /* AppDelegate.swift */ = {isa = PBXFileReference; lastKnownFileType = sourcecode.swift; path = AppDelegate.swift; sourceTree = "<group>"; };
		8B2AC2132B84FBD800F7C3D8 /* SceneDelegate.swift */ = {isa = PBXFileReference; lastKnownFileType = sourcecode.swift; path = SceneDelegate.swift; sourceTree = "<group>"; };
		8B2AC2182B84FBD800F7C3D8 /* Base */ = {isa = PBXFileReference; lastKnownFileType = file.storyboard; name = Base; path = Base.lproj/Main.storyboard; sourceTree = "<group>"; };
		8B2AC21D2B84FBD900F7C3D8 /* Assets.xcassets */ = {isa = PBXFileReference; lastKnownFileType = folder.assetcatalog; path = Assets.xcassets; sourceTree = "<group>"; };
		8B2AC2202B84FBD900F7C3D8 /* Base */ = {isa = PBXFileReference; lastKnownFileType = file.storyboard; name = Base; path = Base.lproj/LaunchScreen.storyboard; sourceTree = "<group>"; };
		8B2AC2222B84FBD900F7C3D8 /* Info.plist */ = {isa = PBXFileReference; lastKnownFileType = text.plist.xml; path = Info.plist; sourceTree = "<group>"; };
		8B2AC2272B84FBD900F7C3D8 /* RecipleaseTests.xctest */ = {isa = PBXFileReference; explicitFileType = wrapper.cfbundle; includeInIndex = 0; path = RecipleaseTests.xctest; sourceTree = BUILT_PRODUCTS_DIR; };
		8B2AC22B2B84FBD900F7C3D8 /* RecipleaseTests.swift */ = {isa = PBXFileReference; lastKnownFileType = sourcecode.swift; path = RecipleaseTests.swift; sourceTree = "<group>"; };
		8B2AC2312B84FBD900F7C3D8 /* RecipleaseUITests.xctest */ = {isa = PBXFileReference; explicitFileType = wrapper.cfbundle; includeInIndex = 0; path = RecipleaseUITests.xctest; sourceTree = BUILT_PRODUCTS_DIR; };
		8B2AC2492B84FFBA00F7C3D8 /* RecipeSearchViewController.swift */ = {isa = PBXFileReference; lastKnownFileType = sourcecode.swift; path = RecipeSearchViewController.swift; sourceTree = "<group>"; };
		8B2AC24B2B84FFEF00F7C3D8 /* FavoriteViewController.swift */ = {isa = PBXFileReference; lastKnownFileType = sourcecode.swift; path = FavoriteViewController.swift; sourceTree = "<group>"; };
		8B2AC24D2B85119600F7C3D8 /* RecipeListViewController.swift */ = {isa = PBXFileReference; lastKnownFileType = sourcecode.swift; path = RecipeListViewController.swift; sourceTree = "<group>"; };
		8B2AC24F2B8511F200F7C3D8 /* RecipeDetailViewController.swift */ = {isa = PBXFileReference; lastKnownFileType = sourcecode.swift; path = RecipeDetailViewController.swift; sourceTree = "<group>"; };
		8B2AC2512B861F9A00F7C3D8 /* FavoriteListViewController.swift */ = {isa = PBXFileReference; lastKnownFileType = sourcecode.swift; path = FavoriteListViewController.swift; sourceTree = "<group>"; };
		8B2AC2552B86304700F7C3D8 /* RecipeLoader.swift */ = {isa = PBXFileReference; lastKnownFileType = sourcecode.swift; path = RecipeLoader.swift; sourceTree = "<group>"; };
		8B2AC2572B8630A100F7C3D8 /* CoreDataStack.swift */ = {isa = PBXFileReference; lastKnownFileType = sourcecode.swift; path = CoreDataStack.swift; sourceTree = "<group>"; };
		8B2AC25E2B87933F00F7C3D8 /* Reciplease.xcdatamodel */ = {isa = PBXFileReference; lastKnownFileType = wrapper.xcdatamodel; path = Reciplease.xcdatamodel; sourceTree = "<group>"; };
		8B2AC2602B89066800F7C3D8 /* RecipeResult.swift */ = {isa = PBXFileReference; lastKnownFileType = sourcecode.swift; path = RecipeResult.swift; sourceTree = "<group>"; };
		8BAA05752B8E3C28000C6E0D /* RecipesTableViewCell.swift */ = {isa = PBXFileReference; lastKnownFileType = sourcecode.swift; path = RecipesTableViewCell.swift; sourceTree = "<group>"; };
		8BAA05772B8E40E8000C6E0D /* RecipeSession.swift */ = {isa = PBXFileReference; lastKnownFileType = sourcecode.swift; path = RecipeSession.swift; sourceTree = "<group>"; };
		8BAA05792B8E4112000C6E0D /* RecipeProtocol.swift */ = {isa = PBXFileReference; lastKnownFileType = sourcecode.swift; path = RecipeProtocol.swift; sourceTree = "<group>"; };
		8BAA05802B8F3843000C6E0D /* UIViewController.swift */ = {isa = PBXFileReference; lastKnownFileType = sourcecode.swift; path = UIViewController.swift; sourceTree = "<group>"; };
		8BAA05882B91DAB1000C6E0D /* UITableViewCell.swift */ = {isa = PBXFileReference; lastKnownFileType = sourcecode.swift; path = UITableViewCell.swift; sourceTree = "<group>"; };
		8BAA058A2B91DD96000C6E0D /* UIImageView.swift */ = {isa = PBXFileReference; lastKnownFileType = sourcecode.swift; path = UIImageView.swift; sourceTree = "<group>"; };
		907B57E7ED1D2EDE060E012F /* Pods-Reciplease-RecipleaseUITests.release.xcconfig */ = {isa = PBXFileReference; includeInIndex = 1; lastKnownFileType = text.xcconfig; name = "Pods-Reciplease-RecipleaseUITests.release.xcconfig"; path = "Target Support Files/Pods-Reciplease-RecipleaseUITests/Pods-Reciplease-RecipleaseUITests.release.xcconfig"; sourceTree = "<group>"; };
		9486D2524E3F62CE5B09F84B /* Pods_RecipleaseTests.framework */ = {isa = PBXFileReference; explicitFileType = wrapper.framework; includeInIndex = 0; path = Pods_RecipleaseTests.framework; sourceTree = BUILT_PRODUCTS_DIR; };
		BBEBD6F1DE5846F36106B402 /* Pods-Reciplease-RecipleaseUITests.debug.xcconfig */ = {isa = PBXFileReference; includeInIndex = 1; lastKnownFileType = text.xcconfig; name = "Pods-Reciplease-RecipleaseUITests.debug.xcconfig"; path = "Target Support Files/Pods-Reciplease-RecipleaseUITests/Pods-Reciplease-RecipleaseUITests.debug.xcconfig"; sourceTree = "<group>"; };
		F4F700B2643375329AA59B1C /* Pods-RecipleaseTests.release.xcconfig */ = {isa = PBXFileReference; includeInIndex = 1; lastKnownFileType = text.xcconfig; name = "Pods-RecipleaseTests.release.xcconfig"; path = "Target Support Files/Pods-RecipleaseTests/Pods-RecipleaseTests.release.xcconfig"; sourceTree = "<group>"; };
		FA9B9CFCF4E3E2A60883425E /* Pods-RecipleaseTests.debug.xcconfig */ = {isa = PBXFileReference; includeInIndex = 1; lastKnownFileType = text.xcconfig; name = "Pods-RecipleaseTests.debug.xcconfig"; path = "Target Support Files/Pods-RecipleaseTests/Pods-RecipleaseTests.debug.xcconfig"; sourceTree = "<group>"; };
		FF22D8434B01B4468EC1BEAD /* Pods-Reciplease.debug.xcconfig */ = {isa = PBXFileReference; includeInIndex = 1; lastKnownFileType = text.xcconfig; name = "Pods-Reciplease.debug.xcconfig"; path = "Target Support Files/Pods-Reciplease/Pods-Reciplease.debug.xcconfig"; sourceTree = "<group>"; };
/* End PBXFileReference section */

/* Begin PBXFrameworksBuildPhase section */
		8B2AC20B2B84FBD800F7C3D8 /* Frameworks */ = {
			isa = PBXFrameworksBuildPhase;
			buildActionMask = 2147483647;
			files = (
				705071B60612C17162BA3D1E /* Pods_Reciplease.framework in Frameworks */,
			);
			runOnlyForDeploymentPostprocessing = 0;
		};
		8B2AC2242B84FBD900F7C3D8 /* Frameworks */ = {
			isa = PBXFrameworksBuildPhase;
			buildActionMask = 2147483647;
			files = (
				E0C9360CD4DA1F344D7F4093 /* Pods_RecipleaseTests.framework in Frameworks */,
			);
			runOnlyForDeploymentPostprocessing = 0;
		};
		8B2AC22E2B84FBD900F7C3D8 /* Frameworks */ = {
			isa = PBXFrameworksBuildPhase;
			buildActionMask = 2147483647;
			files = (
				DF89B5AAA79696C2260CA074 /* Pods_Reciplease_RecipleaseUITests.framework in Frameworks */,
			);
			runOnlyForDeploymentPostprocessing = 0;
		};
/* End PBXFrameworksBuildPhase section */

/* Begin PBXGroup section */
		8B2AC2052B84FBD800F7C3D8 = {
			isa = PBXGroup;
			children = (
				8B2AC2102B84FBD800F7C3D8 /* Reciplease */,
				8B2AC2482B84FC9100F7C3D8 /* Supporting Files */,
				8B2AC22A2B84FBD900F7C3D8 /* RecipleaseTests */,
				8B2AC20F2B84FBD800F7C3D8 /* Products */,
				D99D127E0BF1AAB507D74FA3 /* Pods */,
				FDB00A8FEF3721AB215C81CC /* Frameworks */,
			);
			sourceTree = "<group>";
		};
		8B2AC20F2B84FBD800F7C3D8 /* Products */ = {
			isa = PBXGroup;
			children = (
				8B2AC20E2B84FBD800F7C3D8 /* Reciplease.app */,
				8B2AC2272B84FBD900F7C3D8 /* RecipleaseTests.xctest */,
				8B2AC2312B84FBD900F7C3D8 /* RecipleaseUITests.xctest */,
			);
			name = Products;
			sourceTree = "<group>";
		};
		8B2AC2102B84FBD800F7C3D8 /* Reciplease */ = {
			isa = PBXGroup;
			children = (
				8B2AC2222B84FBD900F7C3D8 /* Info.plist */,
				8B2AC2112B84FBD800F7C3D8 /* AppDelegate.swift */,
				8B2AC2132B84FBD800F7C3D8 /* SceneDelegate.swift */,
				8BAA057B2B8E449A000C6E0D /* Extensions */,
				8B2AC2442B84FC3A00F7C3D8 /* Model */,
				8B2AC2462B84FC7800F7C3D8 /* Controller */,
				8B2AC2472B84FC8300F7C3D8 /* View */,
			);
			path = Reciplease;
			sourceTree = "<group>";
		};
		8B2AC22A2B84FBD900F7C3D8 /* RecipleaseTests */ = {
			isa = PBXGroup;
			children = (
				8B2AC22B2B84FBD900F7C3D8 /* RecipleaseTests.swift */,
			);
			path = RecipleaseTests;
			sourceTree = "<group>";
		};
		8B2AC2442B84FC3A00F7C3D8 /* Model */ = {
			isa = PBXGroup;
			children = (
				8B2AC2452B84FC4D00F7C3D8 /* CoreDataStack */,
				8BAA05792B8E4112000C6E0D /* RecipeProtocol.swift */,
				8BAA05772B8E40E8000C6E0D /* RecipeSession.swift */,
				8B2AC2552B86304700F7C3D8 /* RecipeLoader.swift */,
				8B2AC2602B89066800F7C3D8 /* RecipeResult.swift */,
			);
			path = Model;
			sourceTree = "<group>";
		};
		8B2AC2452B84FC4D00F7C3D8 /* CoreDataStack */ = {
			isa = PBXGroup;
			children = (
				8B2AC25D2B87933F00F7C3D8 /* Reciplease.xcdatamodeld */,
				8B2AC2572B8630A100F7C3D8 /* CoreDataStack.swift */,
			);
			path = CoreDataStack;
			sourceTree = "<group>";
		};
		8B2AC2462B84FC7800F7C3D8 /* Controller */ = {
			isa = PBXGroup;
			children = (
				8B2AC2492B84FFBA00F7C3D8 /* RecipeSearchViewController.swift */,
				8B2AC24D2B85119600F7C3D8 /* RecipeListViewController.swift */,
				8B2AC24F2B8511F200F7C3D8 /* RecipeDetailViewController.swift */,
				8B2AC2512B861F9A00F7C3D8 /* FavoriteListViewController.swift */,
				8B2AC24B2B84FFEF00F7C3D8 /* FavoriteViewController.swift */,
			);
			path = Controller;
			sourceTree = "<group>";
		};
		8B2AC2472B84FC8300F7C3D8 /* View */ = {
			isa = PBXGroup;
			children = (
				8B2AC2172B84FBD800F7C3D8 /* Main.storyboard */,
				8BAA05752B8E3C28000C6E0D /* RecipesTableViewCell.swift */,
			);
			path = View;
			sourceTree = "<group>";
		};
		8B2AC2482B84FC9100F7C3D8 /* Supporting Files */ = {
			isa = PBXGroup;
			children = (
				8B2AC21D2B84FBD900F7C3D8 /* Assets.xcassets */,
				8B2AC21F2B84FBD900F7C3D8 /* LaunchScreen.storyboard */,
			);
			path = "Supporting Files";
			sourceTree = "<group>";
		};
		8BAA057B2B8E449A000C6E0D /* Extensions */ = {
			isa = PBXGroup;
			children = (
				8BAA05802B8F3843000C6E0D /* UIViewController.swift */,
				8BAA05882B91DAB1000C6E0D /* UITableViewCell.swift */,
				8BAA058A2B91DD96000C6E0D /* UIImageView.swift */,
			);
			path = Extensions;
			sourceTree = "<group>";
		};
		D99D127E0BF1AAB507D74FA3 /* Pods */ = {
			isa = PBXGroup;
			children = (
				FF22D8434B01B4468EC1BEAD /* Pods-Reciplease.debug.xcconfig */,
				2B84BFFC71232BA4A3228960 /* Pods-Reciplease.release.xcconfig */,
				BBEBD6F1DE5846F36106B402 /* Pods-Reciplease-RecipleaseUITests.debug.xcconfig */,
				907B57E7ED1D2EDE060E012F /* Pods-Reciplease-RecipleaseUITests.release.xcconfig */,
				FA9B9CFCF4E3E2A60883425E /* Pods-RecipleaseTests.debug.xcconfig */,
				F4F700B2643375329AA59B1C /* Pods-RecipleaseTests.release.xcconfig */,
			);
			path = Pods;
			sourceTree = "<group>";
		};
		FDB00A8FEF3721AB215C81CC /* Frameworks */ = {
			isa = PBXGroup;
			children = (
				0546932AAD6C003647C7DF02 /* Pods_Reciplease.framework */,
				5DD8E34006A6BC7F19D68026 /* Pods_Reciplease_RecipleaseUITests.framework */,
				9486D2524E3F62CE5B09F84B /* Pods_RecipleaseTests.framework */,
			);
			name = Frameworks;
			sourceTree = "<group>";
		};
/* End PBXGroup section */

/* Begin PBXNativeTarget section */
		8B2AC20D2B84FBD800F7C3D8 /* Reciplease */ = {
			isa = PBXNativeTarget;
			buildConfigurationList = 8B2AC23B2B84FBD900F7C3D8 /* Build configuration list for PBXNativeTarget "Reciplease" */;
			buildPhases = (
				DB04018EA363D8EFCFD64B59 /* [CP] Check Pods Manifest.lock */,
				8B2AC20A2B84FBD800F7C3D8 /* Sources */,
				8B2AC20B2B84FBD800F7C3D8 /* Frameworks */,
				8B2AC20C2B84FBD800F7C3D8 /* Resources */,
				733F281BC149BA7850DEEB15 /* [CP] Embed Pods Frameworks */,
			);
			buildRules = (
			);
			dependencies = (
			);
			name = Reciplease;
			productName = Reciplease;
			productReference = 8B2AC20E2B84FBD800F7C3D8 /* Reciplease.app */;
			productType = "com.apple.product-type.application";
		};
		8B2AC2262B84FBD900F7C3D8 /* RecipleaseTests */ = {
			isa = PBXNativeTarget;
			buildConfigurationList = 8B2AC23E2B84FBD900F7C3D8 /* Build configuration list for PBXNativeTarget "RecipleaseTests" */;
			buildPhases = (
				AA55BE277E0BCC7A726B4EDF /* [CP] Check Pods Manifest.lock */,
				8B2AC2232B84FBD900F7C3D8 /* Sources */,
				8B2AC2242B84FBD900F7C3D8 /* Frameworks */,
				8B2AC2252B84FBD900F7C3D8 /* Resources */,
			);
			buildRules = (
			);
			dependencies = (
				8B2AC2292B84FBD900F7C3D8 /* PBXTargetDependency */,
			);
			name = RecipleaseTests;
			productName = RecipleaseTests;
			productReference = 8B2AC2272B84FBD900F7C3D8 /* RecipleaseTests.xctest */;
			productType = "com.apple.product-type.bundle.unit-test";
		};
		8B2AC2302B84FBD900F7C3D8 /* RecipleaseUITests */ = {
			isa = PBXNativeTarget;
			buildConfigurationList = 8B2AC2412B84FBD900F7C3D8 /* Build configuration list for PBXNativeTarget "RecipleaseUITests" */;
			buildPhases = (
				D23ABF06BC773D7F6CABD465 /* [CP] Check Pods Manifest.lock */,
				8B2AC22D2B84FBD900F7C3D8 /* Sources */,
				8B2AC22E2B84FBD900F7C3D8 /* Frameworks */,
				8B2AC22F2B84FBD900F7C3D8 /* Resources */,
				DE7235130787800484674294 /* [CP] Embed Pods Frameworks */,
			);
			buildRules = (
			);
			dependencies = (
				8B2AC2332B84FBD900F7C3D8 /* PBXTargetDependency */,
			);
			name = RecipleaseUITests;
			productName = RecipleaseUITests;
			productReference = 8B2AC2312B84FBD900F7C3D8 /* RecipleaseUITests.xctest */;
			productType = "com.apple.product-type.bundle.ui-testing";
		};
/* End PBXNativeTarget section */

/* Begin PBXProject section */
		8B2AC2062B84FBD800F7C3D8 /* Project object */ = {
			isa = PBXProject;
			attributes = {
				BuildIndependentTargetsInParallel = 1;
				LastSwiftUpdateCheck = 1520;
				LastUpgradeCheck = 1520;
				TargetAttributes = {
					8B2AC20D2B84FBD800F7C3D8 = {
						CreatedOnToolsVersion = 15.2;
					};
					8B2AC2262B84FBD900F7C3D8 = {
						CreatedOnToolsVersion = 15.2;
						TestTargetID = 8B2AC20D2B84FBD800F7C3D8;
					};
					8B2AC2302B84FBD900F7C3D8 = {
						CreatedOnToolsVersion = 15.2;
						TestTargetID = 8B2AC20D2B84FBD800F7C3D8;
					};
				};
			};
			buildConfigurationList = 8B2AC2092B84FBD800F7C3D8 /* Build configuration list for PBXProject "Reciplease" */;
			compatibilityVersion = "Xcode 13.0";
			developmentRegion = en;
			hasScannedForEncodings = 0;
			knownRegions = (
				en,
				Base,
			);
			mainGroup = 8B2AC2052B84FBD800F7C3D8;
			productRefGroup = 8B2AC20F2B84FBD800F7C3D8 /* Products */;
			projectDirPath = "";
			projectRoot = "";
			targets = (
				8B2AC20D2B84FBD800F7C3D8 /* Reciplease */,
				8B2AC2262B84FBD900F7C3D8 /* RecipleaseTests */,
				8B2AC2302B84FBD900F7C3D8 /* RecipleaseUITests */,
			);
		};
/* End PBXProject section */

/* Begin PBXResourcesBuildPhase section */
		8B2AC20C2B84FBD800F7C3D8 /* Resources */ = {
			isa = PBXResourcesBuildPhase;
			buildActionMask = 2147483647;
			files = (
				8B2AC2212B84FBD900F7C3D8 /* LaunchScreen.storyboard in Resources */,
				8B2AC21E2B84FBD900F7C3D8 /* Assets.xcassets in Resources */,
				8B2AC2192B84FBD800F7C3D8 /* Main.storyboard in Resources */,
			);
			runOnlyForDeploymentPostprocessing = 0;
		};
		8B2AC2252B84FBD900F7C3D8 /* Resources */ = {
			isa = PBXResourcesBuildPhase;
			buildActionMask = 2147483647;
			files = (
			);
			runOnlyForDeploymentPostprocessing = 0;
		};
		8B2AC22F2B84FBD900F7C3D8 /* Resources */ = {
			isa = PBXResourcesBuildPhase;
			buildActionMask = 2147483647;
			files = (
			);
			runOnlyForDeploymentPostprocessing = 0;
		};
/* End PBXResourcesBuildPhase section */

/* Begin PBXShellScriptBuildPhase section */
		733F281BC149BA7850DEEB15 /* [CP] Embed Pods Frameworks */ = {
			isa = PBXShellScriptBuildPhase;
			buildActionMask = 2147483647;
			files = (
			);
			inputFileListPaths = (
				"${PODS_ROOT}/Target Support Files/Pods-Reciplease/Pods-Reciplease-frameworks-${CONFIGURATION}-input-files.xcfilelist",
			);
			name = "[CP] Embed Pods Frameworks";
			outputFileListPaths = (
				"${PODS_ROOT}/Target Support Files/Pods-Reciplease/Pods-Reciplease-frameworks-${CONFIGURATION}-output-files.xcfilelist",
			);
			runOnlyForDeploymentPostprocessing = 0;
			shellPath = /bin/sh;
			shellScript = "\"${PODS_ROOT}/Target Support Files/Pods-Reciplease/Pods-Reciplease-frameworks.sh\"\n";
			showEnvVarsInLog = 0;
		};
		AA55BE277E0BCC7A726B4EDF /* [CP] Check Pods Manifest.lock */ = {
			isa = PBXShellScriptBuildPhase;
			buildActionMask = 2147483647;
			files = (
			);
			inputFileListPaths = (
			);
			inputPaths = (
				"${PODS_PODFILE_DIR_PATH}/Podfile.lock",
				"${PODS_ROOT}/Manifest.lock",
			);
			name = "[CP] Check Pods Manifest.lock";
			outputFileListPaths = (
			);
			outputPaths = (
				"$(DERIVED_FILE_DIR)/Pods-RecipleaseTests-checkManifestLockResult.txt",
			);
			runOnlyForDeploymentPostprocessing = 0;
			shellPath = /bin/sh;
			shellScript = "diff \"${PODS_PODFILE_DIR_PATH}/Podfile.lock\" \"${PODS_ROOT}/Manifest.lock\" > /dev/null\nif [ $? != 0 ] ; then\n    # print error to STDERR\n    echo \"error: The sandbox is not in sync with the Podfile.lock. Run 'pod install' or update your CocoaPods installation.\" >&2\n    exit 1\nfi\n# This output is used by Xcode 'outputs' to avoid re-running this script phase.\necho \"SUCCESS\" > \"${SCRIPT_OUTPUT_FILE_0}\"\n";
			showEnvVarsInLog = 0;
		};
		D23ABF06BC773D7F6CABD465 /* [CP] Check Pods Manifest.lock */ = {
			isa = PBXShellScriptBuildPhase;
			buildActionMask = 2147483647;
			files = (
			);
			inputFileListPaths = (
			);
			inputPaths = (
				"${PODS_PODFILE_DIR_PATH}/Podfile.lock",
				"${PODS_ROOT}/Manifest.lock",
			);
			name = "[CP] Check Pods Manifest.lock";
			outputFileListPaths = (
			);
			outputPaths = (
				"$(DERIVED_FILE_DIR)/Pods-Reciplease-RecipleaseUITests-checkManifestLockResult.txt",
			);
			runOnlyForDeploymentPostprocessing = 0;
			shellPath = /bin/sh;
			shellScript = "diff \"${PODS_PODFILE_DIR_PATH}/Podfile.lock\" \"${PODS_ROOT}/Manifest.lock\" > /dev/null\nif [ $? != 0 ] ; then\n    # print error to STDERR\n    echo \"error: The sandbox is not in sync with the Podfile.lock. Run 'pod install' or update your CocoaPods installation.\" >&2\n    exit 1\nfi\n# This output is used by Xcode 'outputs' to avoid re-running this script phase.\necho \"SUCCESS\" > \"${SCRIPT_OUTPUT_FILE_0}\"\n";
			showEnvVarsInLog = 0;
		};
		DB04018EA363D8EFCFD64B59 /* [CP] Check Pods Manifest.lock */ = {
			isa = PBXShellScriptBuildPhase;
			buildActionMask = 2147483647;
			files = (
			);
			inputFileListPaths = (
			);
			inputPaths = (
				"${PODS_PODFILE_DIR_PATH}/Podfile.lock",
				"${PODS_ROOT}/Manifest.lock",
			);
			name = "[CP] Check Pods Manifest.lock";
			outputFileListPaths = (
			);
			outputPaths = (
				"$(DERIVED_FILE_DIR)/Pods-Reciplease-checkManifestLockResult.txt",
			);
			runOnlyForDeploymentPostprocessing = 0;
			shellPath = /bin/sh;
			shellScript = "diff \"${PODS_PODFILE_DIR_PATH}/Podfile.lock\" \"${PODS_ROOT}/Manifest.lock\" > /dev/null\nif [ $? != 0 ] ; then\n    # print error to STDERR\n    echo \"error: The sandbox is not in sync with the Podfile.lock. Run 'pod install' or update your CocoaPods installation.\" >&2\n    exit 1\nfi\n# This output is used by Xcode 'outputs' to avoid re-running this script phase.\necho \"SUCCESS\" > \"${SCRIPT_OUTPUT_FILE_0}\"\n";
			showEnvVarsInLog = 0;
		};
		DE7235130787800484674294 /* [CP] Embed Pods Frameworks */ = {
			isa = PBXShellScriptBuildPhase;
			buildActionMask = 2147483647;
			files = (
			);
			inputFileListPaths = (
				"${PODS_ROOT}/Target Support Files/Pods-Reciplease-RecipleaseUITests/Pods-Reciplease-RecipleaseUITests-frameworks-${CONFIGURATION}-input-files.xcfilelist",
			);
			name = "[CP] Embed Pods Frameworks";
			outputFileListPaths = (
				"${PODS_ROOT}/Target Support Files/Pods-Reciplease-RecipleaseUITests/Pods-Reciplease-RecipleaseUITests-frameworks-${CONFIGURATION}-output-files.xcfilelist",
			);
			runOnlyForDeploymentPostprocessing = 0;
			shellPath = /bin/sh;
			shellScript = "\"${PODS_ROOT}/Target Support Files/Pods-Reciplease-RecipleaseUITests/Pods-Reciplease-RecipleaseUITests-frameworks.sh\"\n";
			showEnvVarsInLog = 0;
		};
/* End PBXShellScriptBuildPhase section */

/* Begin PBXSourcesBuildPhase section */
		8B2AC20A2B84FBD800F7C3D8 /* Sources */ = {
			isa = PBXSourcesBuildPhase;
			buildActionMask = 2147483647;
			files = (
				8B2AC2122B84FBD800F7C3D8 /* AppDelegate.swift in Sources */,
				8BAA05892B91DAB1000C6E0D /* UITableViewCell.swift in Sources */,
				8B2AC2502B8511F200F7C3D8 /* RecipeDetailViewController.swift in Sources */,
				8B2AC24E2B85119600F7C3D8 /* RecipeListViewController.swift in Sources */,
				8BAA05762B8E3C28000C6E0D /* RecipesTableViewCell.swift in Sources */,
				8B2AC2522B861F9A00F7C3D8 /* FavoriteListViewController.swift in Sources */,
				8BAA057A2B8E4112000C6E0D /* RecipeProtocol.swift in Sources */,
				8B2AC2142B84FBD800F7C3D8 /* SceneDelegate.swift in Sources */,
				8B2AC2582B8630A100F7C3D8 /* CoreDataStack.swift in Sources */,
				8B2AC24C2B84FFEF00F7C3D8 /* FavoriteViewController.swift in Sources */,
				8BAA05782B8E40E8000C6E0D /* RecipeSession.swift in Sources */,
				8B2AC24A2B84FFBA00F7C3D8 /* RecipeSearchViewController.swift in Sources */,
				8B2AC25F2B87933F00F7C3D8 /* Reciplease.xcdatamodeld in Sources */,
				8B2AC2562B86304700F7C3D8 /* RecipeLoader.swift in Sources */,
				8B2AC2612B89066800F7C3D8 /* RecipeResult.swift in Sources */,
				8BAA058B2B91DD96000C6E0D /* UIImageView.swift in Sources */,
				8BAA05812B8F3843000C6E0D /* UIViewController.swift in Sources */,
			);
			runOnlyForDeploymentPostprocessing = 0;
		};
		8B2AC2232B84FBD900F7C3D8 /* Sources */ = {
			isa = PBXSourcesBuildPhase;
			buildActionMask = 2147483647;
			files = (
				8B2AC22C2B84FBD900F7C3D8 /* RecipleaseTests.swift in Sources */,
			);
			runOnlyForDeploymentPostprocessing = 0;
		};
		8B2AC22D2B84FBD900F7C3D8 /* Sources */ = {
			isa = PBXSourcesBuildPhase;
			buildActionMask = 2147483647;
			files = (
			);
			runOnlyForDeploymentPostprocessing = 0;
		};
/* End PBXSourcesBuildPhase section */

/* Begin PBXTargetDependency section */
		8B2AC2292B84FBD900F7C3D8 /* PBXTargetDependency */ = {
			isa = PBXTargetDependency;
			target = 8B2AC20D2B84FBD800F7C3D8 /* Reciplease */;
			targetProxy = 8B2AC2282B84FBD900F7C3D8 /* PBXContainerItemProxy */;
		};
		8B2AC2332B84FBD900F7C3D8 /* PBXTargetDependency */ = {
			isa = PBXTargetDependency;
			target = 8B2AC20D2B84FBD800F7C3D8 /* Reciplease */;
			targetProxy = 8B2AC2322B84FBD900F7C3D8 /* PBXContainerItemProxy */;
		};
/* End PBXTargetDependency section */

/* Begin PBXVariantGroup section */
		8B2AC2172B84FBD800F7C3D8 /* Main.storyboard */ = {
			isa = PBXVariantGroup;
			children = (
				8B2AC2182B84FBD800F7C3D8 /* Base */,
			);
			name = Main.storyboard;
			sourceTree = "<group>";
		};
		8B2AC21F2B84FBD900F7C3D8 /* LaunchScreen.storyboard */ = {
			isa = PBXVariantGroup;
			children = (
				8B2AC2202B84FBD900F7C3D8 /* Base */,
			);
			name = LaunchScreen.storyboard;
			sourceTree = "<group>";
		};
/* End PBXVariantGroup section */

/* Begin XCBuildConfiguration section */
		8B2AC2392B84FBD900F7C3D8 /* Debug */ = {
			isa = XCBuildConfiguration;
			buildSettings = {
				ALWAYS_SEARCH_USER_PATHS = NO;
				ASSETCATALOG_COMPILER_GENERATE_SWIFT_ASSET_SYMBOL_EXTENSIONS = YES;
				CLANG_ANALYZER_NONNULL = YES;
				CLANG_ANALYZER_NUMBER_OBJECT_CONVERSION = YES_AGGRESSIVE;
				CLANG_CXX_LANGUAGE_STANDARD = "gnu++20";
				CLANG_ENABLE_MODULES = YES;
				CLANG_ENABLE_OBJC_ARC = YES;
				CLANG_ENABLE_OBJC_WEAK = YES;
				CLANG_WARN_BLOCK_CAPTURE_AUTORELEASING = YES;
				CLANG_WARN_BOOL_CONVERSION = YES;
				CLANG_WARN_COMMA = YES;
				CLANG_WARN_CONSTANT_CONVERSION = YES;
				CLANG_WARN_DEPRECATED_OBJC_IMPLEMENTATIONS = YES;
				CLANG_WARN_DIRECT_OBJC_ISA_USAGE = YES_ERROR;
				CLANG_WARN_DOCUMENTATION_COMMENTS = YES;
				CLANG_WARN_EMPTY_BODY = YES;
				CLANG_WARN_ENUM_CONVERSION = YES;
				CLANG_WARN_INFINITE_RECURSION = YES;
				CLANG_WARN_INT_CONVERSION = YES;
				CLANG_WARN_NON_LITERAL_NULL_CONVERSION = YES;
				CLANG_WARN_OBJC_IMPLICIT_RETAIN_SELF = YES;
				CLANG_WARN_OBJC_LITERAL_CONVERSION = YES;
				CLANG_WARN_OBJC_ROOT_CLASS = YES_ERROR;
				CLANG_WARN_QUOTED_INCLUDE_IN_FRAMEWORK_HEADER = YES;
				CLANG_WARN_RANGE_LOOP_ANALYSIS = YES;
				CLANG_WARN_STRICT_PROTOTYPES = YES;
				CLANG_WARN_SUSPICIOUS_MOVE = YES;
				CLANG_WARN_UNGUARDED_AVAILABILITY = YES_AGGRESSIVE;
				CLANG_WARN_UNREACHABLE_CODE = YES;
				CLANG_WARN__DUPLICATE_METHOD_MATCH = YES;
				COPY_PHASE_STRIP = NO;
				DEBUG_INFORMATION_FORMAT = dwarf;
				ENABLE_STRICT_OBJC_MSGSEND = YES;
				ENABLE_TESTABILITY = YES;
				ENABLE_USER_SCRIPT_SANDBOXING = YES;
				GCC_C_LANGUAGE_STANDARD = gnu17;
				GCC_DYNAMIC_NO_PIC = NO;
				GCC_NO_COMMON_BLOCKS = YES;
				GCC_OPTIMIZATION_LEVEL = 0;
				GCC_PREPROCESSOR_DEFINITIONS = (
					"DEBUG=1",
					"$(inherited)",
				);
				GCC_WARN_64_TO_32_BIT_CONVERSION = YES;
				GCC_WARN_ABOUT_RETURN_TYPE = YES_ERROR;
				GCC_WARN_UNDECLARED_SELECTOR = YES;
				GCC_WARN_UNINITIALIZED_AUTOS = YES_AGGRESSIVE;
				GCC_WARN_UNUSED_FUNCTION = YES;
				GCC_WARN_UNUSED_VARIABLE = YES;
				IPHONEOS_DEPLOYMENT_TARGET = 17.2;
				LOCALIZATION_PREFERS_STRING_CATALOGS = YES;
				MTL_ENABLE_DEBUG_INFO = INCLUDE_SOURCE;
				MTL_FAST_MATH = YES;
				ONLY_ACTIVE_ARCH = YES;
				SDKROOT = iphoneos;
				SWIFT_ACTIVE_COMPILATION_CONDITIONS = "DEBUG $(inherited)";
				SWIFT_OPTIMIZATION_LEVEL = "-Onone";
			};
			name = Debug;
		};
		8B2AC23A2B84FBD900F7C3D8 /* Release */ = {
			isa = XCBuildConfiguration;
			buildSettings = {
				ALWAYS_SEARCH_USER_PATHS = NO;
				ASSETCATALOG_COMPILER_GENERATE_SWIFT_ASSET_SYMBOL_EXTENSIONS = YES;
				CLANG_ANALYZER_NONNULL = YES;
				CLANG_ANALYZER_NUMBER_OBJECT_CONVERSION = YES_AGGRESSIVE;
				CLANG_CXX_LANGUAGE_STANDARD = "gnu++20";
				CLANG_ENABLE_MODULES = YES;
				CLANG_ENABLE_OBJC_ARC = YES;
				CLANG_ENABLE_OBJC_WEAK = YES;
				CLANG_WARN_BLOCK_CAPTURE_AUTORELEASING = YES;
				CLANG_WARN_BOOL_CONVERSION = YES;
				CLANG_WARN_COMMA = YES;
				CLANG_WARN_CONSTANT_CONVERSION = YES;
				CLANG_WARN_DEPRECATED_OBJC_IMPLEMENTATIONS = YES;
				CLANG_WARN_DIRECT_OBJC_ISA_USAGE = YES_ERROR;
				CLANG_WARN_DOCUMENTATION_COMMENTS = YES;
				CLANG_WARN_EMPTY_BODY = YES;
				CLANG_WARN_ENUM_CONVERSION = YES;
				CLANG_WARN_INFINITE_RECURSION = YES;
				CLANG_WARN_INT_CONVERSION = YES;
				CLANG_WARN_NON_LITERAL_NULL_CONVERSION = YES;
				CLANG_WARN_OBJC_IMPLICIT_RETAIN_SELF = YES;
				CLANG_WARN_OBJC_LITERAL_CONVERSION = YES;
				CLANG_WARN_OBJC_ROOT_CLASS = YES_ERROR;
				CLANG_WARN_QUOTED_INCLUDE_IN_FRAMEWORK_HEADER = YES;
				CLANG_WARN_RANGE_LOOP_ANALYSIS = YES;
				CLANG_WARN_STRICT_PROTOTYPES = YES;
				CLANG_WARN_SUSPICIOUS_MOVE = YES;
				CLANG_WARN_UNGUARDED_AVAILABILITY = YES_AGGRESSIVE;
				CLANG_WARN_UNREACHABLE_CODE = YES;
				CLANG_WARN__DUPLICATE_METHOD_MATCH = YES;
				COPY_PHASE_STRIP = NO;
				DEBUG_INFORMATION_FORMAT = "dwarf-with-dsym";
				ENABLE_NS_ASSERTIONS = NO;
				ENABLE_STRICT_OBJC_MSGSEND = YES;
				ENABLE_USER_SCRIPT_SANDBOXING = YES;
				GCC_C_LANGUAGE_STANDARD = gnu17;
				GCC_NO_COMMON_BLOCKS = YES;
				GCC_WARN_64_TO_32_BIT_CONVERSION = YES;
				GCC_WARN_ABOUT_RETURN_TYPE = YES_ERROR;
				GCC_WARN_UNDECLARED_SELECTOR = YES;
				GCC_WARN_UNINITIALIZED_AUTOS = YES_AGGRESSIVE;
				GCC_WARN_UNUSED_FUNCTION = YES;
				GCC_WARN_UNUSED_VARIABLE = YES;
				IPHONEOS_DEPLOYMENT_TARGET = 17.2;
				LOCALIZATION_PREFERS_STRING_CATALOGS = YES;
				MTL_ENABLE_DEBUG_INFO = NO;
				MTL_FAST_MATH = YES;
				SDKROOT = iphoneos;
				SWIFT_COMPILATION_MODE = wholemodule;
				VALIDATE_PRODUCT = YES;
			};
			name = Release;
		};
		8B2AC23C2B84FBD900F7C3D8 /* Debug */ = {
			isa = XCBuildConfiguration;
			baseConfigurationReference = FF22D8434B01B4468EC1BEAD /* Pods-Reciplease.debug.xcconfig */;
			buildSettings = {
				ASSETCATALOG_COMPILER_APPICON_NAME = AppIcon;
				ASSETCATALOG_COMPILER_GLOBAL_ACCENT_COLOR_NAME = AccentColor;
				CODE_SIGN_STYLE = Automatic;
				CURRENT_PROJECT_VERSION = 1;
				DEVELOPMENT_TEAM = 6ASXC36M59;
				ENABLE_USER_SCRIPT_SANDBOXING = NO;
				GENERATE_INFOPLIST_FILE = YES;
				INFOPLIST_FILE = Reciplease/Info.plist;
				INFOPLIST_KEY_UIApplicationSupportsIndirectInputEvents = YES;
				INFOPLIST_KEY_UILaunchStoryboardName = LaunchScreen;
				INFOPLIST_KEY_UIMainStoryboardFile = Main;
				INFOPLIST_KEY_UISupportedInterfaceOrientations_iPad = "UIInterfaceOrientationPortrait UIInterfaceOrientationPortraitUpsideDown UIInterfaceOrientationLandscapeLeft UIInterfaceOrientationLandscapeRight";
				INFOPLIST_KEY_UISupportedInterfaceOrientations_iPhone = "UIInterfaceOrientationPortrait UIInterfaceOrientationLandscapeLeft UIInterfaceOrientationLandscapeRight";
				LD_RUNPATH_SEARCH_PATHS = (
					"$(inherited)",
					"@executable_path/Frameworks",
				);
				MARKETING_VERSION = 1.0;
				PRODUCT_BUNDLE_IDENTIFIER = perveaux.Reciplease;
				PRODUCT_NAME = "$(TARGET_NAME)";
				SWIFT_EMIT_LOC_STRINGS = YES;
				SWIFT_VERSION = 5.0;
				TARGETED_DEVICE_FAMILY = "1,2";
			};
			name = Debug;
		};
		8B2AC23D2B84FBD900F7C3D8 /* Release */ = {
			isa = XCBuildConfiguration;
			baseConfigurationReference = 2B84BFFC71232BA4A3228960 /* Pods-Reciplease.release.xcconfig */;
			buildSettings = {
				ASSETCATALOG_COMPILER_APPICON_NAME = AppIcon;
				ASSETCATALOG_COMPILER_GLOBAL_ACCENT_COLOR_NAME = AccentColor;
				CODE_SIGN_STYLE = Automatic;
				CURRENT_PROJECT_VERSION = 1;
				DEVELOPMENT_TEAM = 6ASXC36M59;
				ENABLE_USER_SCRIPT_SANDBOXING = NO;
				GENERATE_INFOPLIST_FILE = YES;
				INFOPLIST_FILE = Reciplease/Info.plist;
				INFOPLIST_KEY_UIApplicationSupportsIndirectInputEvents = YES;
				INFOPLIST_KEY_UILaunchStoryboardName = LaunchScreen;
				INFOPLIST_KEY_UIMainStoryboardFile = Main;
				INFOPLIST_KEY_UISupportedInterfaceOrientations_iPad = "UIInterfaceOrientationPortrait UIInterfaceOrientationPortraitUpsideDown UIInterfaceOrientationLandscapeLeft UIInterfaceOrientationLandscapeRight";
				INFOPLIST_KEY_UISupportedInterfaceOrientations_iPhone = "UIInterfaceOrientationPortrait UIInterfaceOrientationLandscapeLeft UIInterfaceOrientationLandscapeRight";
				LD_RUNPATH_SEARCH_PATHS = (
					"$(inherited)",
					"@executable_path/Frameworks",
				);
				MARKETING_VERSION = 1.0;
				PRODUCT_BUNDLE_IDENTIFIER = perveaux.Reciplease;
				PRODUCT_NAME = "$(TARGET_NAME)";
				SWIFT_EMIT_LOC_STRINGS = YES;
				SWIFT_VERSION = 5.0;
				TARGETED_DEVICE_FAMILY = "1,2";
			};
			name = Release;
		};
		8B2AC23F2B84FBD900F7C3D8 /* Debug */ = {
			isa = XCBuildConfiguration;
			baseConfigurationReference = FA9B9CFCF4E3E2A60883425E /* Pods-RecipleaseTests.debug.xcconfig */;
			buildSettings = {
				ALWAYS_EMBED_SWIFT_STANDARD_LIBRARIES = YES;
				BUNDLE_LOADER = "$(TEST_HOST)";
				CODE_SIGN_STYLE = Automatic;
				CURRENT_PROJECT_VERSION = 1;
				DEVELOPMENT_TEAM = 6ASXC36M59;
				GENERATE_INFOPLIST_FILE = YES;
				IPHONEOS_DEPLOYMENT_TARGET = 17.2;
				MARKETING_VERSION = 1.0;
				PRODUCT_BUNDLE_IDENTIFIER = perveaux.RecipleaseTests;
				PRODUCT_NAME = "$(TARGET_NAME)";
				SWIFT_EMIT_LOC_STRINGS = NO;
				SWIFT_VERSION = 5.0;
				TARGETED_DEVICE_FAMILY = "1,2";
				TEST_HOST = "$(BUILT_PRODUCTS_DIR)/Reciplease.app/$(BUNDLE_EXECUTABLE_FOLDER_PATH)/Reciplease";
			};
			name = Debug;
		};
		8B2AC2402B84FBD900F7C3D8 /* Release */ = {
			isa = XCBuildConfiguration;
			baseConfigurationReference = F4F700B2643375329AA59B1C /* Pods-RecipleaseTests.release.xcconfig */;
			buildSettings = {
				ALWAYS_EMBED_SWIFT_STANDARD_LIBRARIES = YES;
				BUNDLE_LOADER = "$(TEST_HOST)";
				CODE_SIGN_STYLE = Automatic;
				CURRENT_PROJECT_VERSION = 1;
				DEVELOPMENT_TEAM = 6ASXC36M59;
				GENERATE_INFOPLIST_FILE = YES;
				IPHONEOS_DEPLOYMENT_TARGET = 17.2;
				MARKETING_VERSION = 1.0;
				PRODUCT_BUNDLE_IDENTIFIER = perveaux.RecipleaseTests;
				PRODUCT_NAME = "$(TARGET_NAME)";
				SWIFT_EMIT_LOC_STRINGS = NO;
				SWIFT_VERSION = 5.0;
				TARGETED_DEVICE_FAMILY = "1,2";
				TEST_HOST = "$(BUILT_PRODUCTS_DIR)/Reciplease.app/$(BUNDLE_EXECUTABLE_FOLDER_PATH)/Reciplease";
			};
			name = Release;
		};
		8B2AC2422B84FBD900F7C3D8 /* Debug */ = {
			isa = XCBuildConfiguration;
			baseConfigurationReference = BBEBD6F1DE5846F36106B402 /* Pods-Reciplease-RecipleaseUITests.debug.xcconfig */;
			buildSettings = {
				ALWAYS_EMBED_SWIFT_STANDARD_LIBRARIES = YES;
				CODE_SIGN_STYLE = Automatic;
				CURRENT_PROJECT_VERSION = 1;
				DEVELOPMENT_TEAM = 6ASXC36M59;
				GENERATE_INFOPLIST_FILE = YES;
				MARKETING_VERSION = 1.0;
				PRODUCT_BUNDLE_IDENTIFIER = perveaux.RecipleaseUITests;
				PRODUCT_NAME = "$(TARGET_NAME)";
				SWIFT_EMIT_LOC_STRINGS = NO;
				SWIFT_VERSION = 5.0;
				TARGETED_DEVICE_FAMILY = "1,2";
				TEST_TARGET_NAME = Reciplease;
			};
			name = Debug;
		};
		8B2AC2432B84FBD900F7C3D8 /* Release */ = {
			isa = XCBuildConfiguration;
			baseConfigurationReference = 907B57E7ED1D2EDE060E012F /* Pods-Reciplease-RecipleaseUITests.release.xcconfig */;
			buildSettings = {
				ALWAYS_EMBED_SWIFT_STANDARD_LIBRARIES = YES;
				CODE_SIGN_STYLE = Automatic;
				CURRENT_PROJECT_VERSION = 1;
				DEVELOPMENT_TEAM = 6ASXC36M59;
				GENERATE_INFOPLIST_FILE = YES;
				MARKETING_VERSION = 1.0;
				PRODUCT_BUNDLE_IDENTIFIER = perveaux.RecipleaseUITests;
				PRODUCT_NAME = "$(TARGET_NAME)";
				SWIFT_EMIT_LOC_STRINGS = NO;
				SWIFT_VERSION = 5.0;
				TARGETED_DEVICE_FAMILY = "1,2";
				TEST_TARGET_NAME = Reciplease;
			};
			name = Release;
		};
/* End XCBuildConfiguration section */

/* Begin XCConfigurationList section */
		8B2AC2092B84FBD800F7C3D8 /* Build configuration list for PBXProject "Reciplease" */ = {
			isa = XCConfigurationList;
			buildConfigurations = (
				8B2AC2392B84FBD900F7C3D8 /* Debug */,
				8B2AC23A2B84FBD900F7C3D8 /* Release */,
			);
			defaultConfigurationIsVisible = 0;
			defaultConfigurationName = Release;
		};
		8B2AC23B2B84FBD900F7C3D8 /* Build configuration list for PBXNativeTarget "Reciplease" */ = {
			isa = XCConfigurationList;
			buildConfigurations = (
				8B2AC23C2B84FBD900F7C3D8 /* Debug */,
				8B2AC23D2B84FBD900F7C3D8 /* Release */,
			);
			defaultConfigurationIsVisible = 0;
			defaultConfigurationName = Release;
		};
		8B2AC23E2B84FBD900F7C3D8 /* Build configuration list for PBXNativeTarget "RecipleaseTests" */ = {
			isa = XCConfigurationList;
			buildConfigurations = (
				8B2AC23F2B84FBD900F7C3D8 /* Debug */,
				8B2AC2402B84FBD900F7C3D8 /* Release */,
			);
			defaultConfigurationIsVisible = 0;
			defaultConfigurationName = Release;
		};
		8B2AC2412B84FBD900F7C3D8 /* Build configuration list for PBXNativeTarget "RecipleaseUITests" */ = {
			isa = XCConfigurationList;
			buildConfigurations = (
				8B2AC2422B84FBD900F7C3D8 /* Debug */,
				8B2AC2432B84FBD900F7C3D8 /* Release */,
			);
			defaultConfigurationIsVisible = 0;
			defaultConfigurationName = Release;
		};
/* End XCConfigurationList section */

/* Begin XCVersionGroup section */
		8B2AC25D2B87933F00F7C3D8 /* Reciplease.xcdatamodeld */ = {
			isa = XCVersionGroup;
			children = (
				8B2AC25E2B87933F00F7C3D8 /* Reciplease.xcdatamodel */,
			);
			currentVersion = 8B2AC25E2B87933F00F7C3D8 /* Reciplease.xcdatamodel */;
			path = Reciplease.xcdatamodeld;
			sourceTree = "<group>";
			versionGroupType = wrapper.xcdatamodel;
		};
/* End XCVersionGroup section */
	};
	rootObject = 8B2AC2062B84FBD800F7C3D8 /* Project object */;
}
